
Microsoft Visual Studio Solution File, Format Version 12.00
# Visual Studio Version 17
VisualStudioVersion = 17.0.31903.59
MinimumVisualStudioVersion = 10.0.40219.1
Project("{9A19103F-16F7-4668-BE54-9A1E7A4F7556}") = "WebApi", "WebApi\WebApi.csproj", "{81D152D8-2E66-40EA-988C-C34F7F2A121D}"
EndProject
Project("{9A19103F-16F7-4668-BE54-9A1E7A4F7556}") = "Entities", "Entities\Entities.csproj", "{964FAB1E-B611-4C01-BF66-5BA2749D95CE}"
EndProject
Project("{9A19103F-16F7-4668-BE54-9A1E7A4F7556}") = "Repositories", "Repositories\Repositories.csproj", "{8D3A0F88-4081-4443-9A7F-07DD068D7730}"
EndProject
Project("{FAE04EC0-301F-11D3-BF4B-00C04F79EFBC}") = "Services", "Services\Services.csproj", "{5D00251D-8967-4B3F-8A46-4830FCB460DC}"
EndProject
Global
	GlobalSection(SolutionConfigurationPlatforms) = preSolution
		Debug|Any CPU = Debug|Any CPU
		Release|Any CPU = Release|Any CPU
	EndGlobalSection
	GlobalSection(ProjectConfigurationPlatforms) = postSolution
		{81D152D8-2E66-40EA-988C-C34F7F2A121D}.Debug|Any CPU.ActiveCfg = Debug|Any CPU
		{81D152D8-2E66-40EA-988C-C34F7F2A121D}.Debug|Any CPU.Build.0 = Debug|Any CPU
		{81D152D8-2E66-40EA-988C-C34F7F2A121D}.Release|Any CPU.ActiveCfg = Release|Any CPU
		{81D152D8-2E66-40EA-988C-C34F7F2A121D}.Release|Any CPU.Build.0 = Release|Any CPU
		{964FAB1E-B611-4C01-BF66-5BA2749D95CE}.Debug|Any CPU.ActiveCfg = Debug|Any CPU
		{964FAB1E-B611-4C01-BF66-5BA2749D95CE}.Debug|Any CPU.Build.0 = Debug|Any CPU
		{964FAB1E-B611-4C01-BF66-5BA2749D95CE}.Release|Any CPU.ActiveCfg = Release|Any CPU
		{964FAB1E-B611-4C01-BF66-5BA2749D95CE}.Release|Any CPU.Build.0 = Release|Any CPU
		{8D3A0F88-4081-4443-9A7F-07DD068D7730}.Debug|Any CPU.ActiveCfg = Debug|Any CPU
		{8D3A0F88-4081-4443-9A7F-07DD068D7730}.Debug|Any CPU.Build.0 = Debug|Any CPU
		{8D3A0F88-4081-4443-9A7F-07DD068D7730}.Release|Any CPU.ActiveCfg = Release|Any CPU
		{8D3A0F88-4081-4443-9A7F-07DD068D7730}.Release|Any CPU.Build.0 = Release|Any CPU
		{5D00251D-8967-4B3F-8A46-4830FCB460DC}.Debug|Any CPU.ActiveCfg = Debug|Any CPU
		{5D00251D-8967-4B3F-8A46-4830FCB460DC}.Debug|Any CPU.Build.0 = Debug|Any CPU
		{5D00251D-8967-4B3F-8A46-4830FCB460DC}.Release|Any CPU.ActiveCfg = Release|Any CPU
		{5D00251D-8967-4B3F-8A46-4830FCB460DC}.Release|Any CPU.Build.0 = Release|Any CPU
	EndGlobalSection
	GlobalSection(SolutionProperties) = preSolution
		HideSolutionNode = FALSE
	EndGlobalSection
	GlobalSection(ExtensibilityGlobals) = postSolution
		SolutionGuid = {E7DBD87A-155E-4141-89B3-1BBFB81757F2}
	EndGlobalSection
EndGlobal
